
Microsoft Visual Studio Solution File, Format Version 12.00
# Visual Studio Version 17
VisualStudioVersion = 17.1.32407.343
MinimumVisualStudioVersion = 10.0.40219.1
Project("{FAE04EC0-301F-11D3-BF4B-00C04F79EFBC}") = "PingAsyncWPF", "PingAsyncWPF\PingAsyncWPF.csproj", "{92BC425A-7E4A-457B-B525-98E6A378B8C0}"
EndProject
Global
	GlobalSection(SolutionConfigurationPlatforms) = preSolution
		Debug|Any CPU = Debug|Any CPU
		Release|Any CPU = Release|Any CPU
	EndGlobalSection
	GlobalSection(ProjectConfigurationPlatforms) = postSolution
		{92BC425A-7E4A-457B-B525-98E6A378B8C0}.Debug|Any CPU.ActiveCfg = Debug|Any CPU
		{92BC425A-7E4A-457B-B525-98E6A378B8C0}.Debug|Any CPU.Build.0 = Debug|Any CPU
		{92BC425A-7E4A-457B-B525-98E6A378B8C0}.Release|Any CPU.ActiveCfg = Release|Any CPU
		{92BC425A-7E4A-457B-B525-98E6A378B8C0}.Release|Any CPU.Build.0 = Release|Any CPU
	EndGlobalSection
	GlobalSection(SolutionProperties) = preSolution
		HideSolutionNode = FALSE
	EndGlobalSection
	GlobalSection(ExtensibilityGlobals) = postSolution
		SolutionGuid = {0DD791AB-3403-4906-9A04-9C02F93459C2}
	EndGlobalSection
EndGlobal
